
Microsoft Visual Studio Solution File, Format Version 12.00
# Visual Studio 15
VisualStudioVersion = 15.0.26403.7
MinimumVisualStudioVersion = 10.0.40219.1
Project("{FAE04EC0-301F-11D3-BF4B-00C04F79EFBC}") = "newAdding", "newAdding\newAdding.csproj", "{8E25CB51-B67D-4F4A-8A30-DD6089E8DFB2}"
EndProject
Project("{E24C65DC-7377-472B-9ABA-BC803B73C61A}") = "Angular-homework3", "..\", "{4ABA0ACC-F15A-4C54-9D88-B946F711D2C2}"
	ProjectSection(WebsiteProperties) = preProject
		TargetFrameworkMoniker = ".NETFramework,Version%3Dv4.5.2"
		Debug.AspNetCompiler.VirtualPath = "/localhost_51654"
		Debug.AspNetCompiler.PhysicalPath = "..\..\Angular-homework3\"
		Debug.AspNetCompiler.TargetPath = "PrecompiledWeb\localhost_51654\"
		Debug.AspNetCompiler.Updateable = "true"
		Debug.AspNetCompiler.ForceOverwrite = "true"
		Debug.AspNetCompiler.FixedNames = "false"
		Debug.AspNetCompiler.Debug = "True"
		Release.AspNetCompiler.VirtualPath = "/localhost_51654"
		Release.AspNetCompiler.PhysicalPath = "..\..\Angular-homework3\"
		Release.AspNetCompiler.TargetPath = "PrecompiledWeb\localhost_51654\"
		Release.AspNetCompiler.Updateable = "true"
		Release.AspNetCompiler.ForceOverwrite = "true"
		Release.AspNetCompiler.FixedNames = "false"
		Release.AspNetCompiler.Debug = "False"
		VWDPort = "51654"
		SlnRelativePath = "..\..\Angular-homework3\"
		DefaultWebSiteLanguage = "Visual C#"
	EndProjectSection
EndProject
Global
	GlobalSection(SolutionConfigurationPlatforms) = preSolution
		Debug|Any CPU = Debug|Any CPU
		Release|Any CPU = Release|Any CPU
	EndGlobalSection
	GlobalSection(ProjectConfigurationPlatforms) = postSolution
		{8E25CB51-B67D-4F4A-8A30-DD6089E8DFB2}.Debug|Any CPU.ActiveCfg = Debug|Any CPU
		{8E25CB51-B67D-4F4A-8A30-DD6089E8DFB2}.Debug|Any CPU.Build.0 = Debug|Any CPU
		{8E25CB51-B67D-4F4A-8A30-DD6089E8DFB2}.Release|Any CPU.ActiveCfg = Release|Any CPU
		{8E25CB51-B67D-4F4A-8A30-DD6089E8DFB2}.Release|Any CPU.Build.0 = Release|Any CPU
		{4ABA0ACC-F15A-4C54-9D88-B946F711D2C2}.Debug|Any CPU.ActiveCfg = Debug|Any CPU
		{4ABA0ACC-F15A-4C54-9D88-B946F711D2C2}.Debug|Any CPU.Build.0 = Debug|Any CPU
		{4ABA0ACC-F15A-4C54-9D88-B946F711D2C2}.Release|Any CPU.ActiveCfg = Debug|Any CPU
		{4ABA0ACC-F15A-4C54-9D88-B946F711D2C2}.Release|Any CPU.Build.0 = Debug|Any CPU
	EndGlobalSection
	GlobalSection(SolutionProperties) = preSolution
		HideSolutionNode = FALSE
	EndGlobalSection
EndGlobal
